
Microsoft Visual Studio Solution File, Format Version 12.00
# Visual Studio Version 16
VisualStudioVersion = 16.0.30907.101
MinimumVisualStudioVersion = 10.0.40219.1
Project("{FAE04EC0-301F-11D3-BF4B-00C04F79EFBC}") = "EWSStreamingNotificationSample", "EWSStreamingNotificationSample.csproj", "{72F85037-A094-4A1D-81E1-3E492EBB7580}"
EndProject
Project("{FAE04EC0-301F-11D3-BF4B-00C04F79EFBC}") = "Microsoft.Exchange.WebServices.Data", "E:\Github Repositories\ews-managed-api\Microsoft.Exchange.WebServices.Data.csproj", "{F059972F-0561-4203-ABB8-3ABB41CCBE22}"
EndProject
Global
	GlobalSection(SolutionConfigurationPlatforms) = preSolution
		Debug|Any CPU = Debug|Any CPU
		Release|Any CPU = Release|Any CPU
	EndGlobalSection
	GlobalSection(ProjectConfigurationPlatforms) = postSolution
		{72F85037-A094-4A1D-81E1-3E492EBB7580}.Debug|Any CPU.ActiveCfg = Debug|Any CPU
		{72F85037-A094-4A1D-81E1-3E492EBB7580}.Debug|Any CPU.Build.0 = Debug|Any CPU
		{72F85037-A094-4A1D-81E1-3E492EBB7580}.Release|Any CPU.ActiveCfg = Release|Any CPU
		{72F85037-A094-4A1D-81E1-3E492EBB7580}.Release|Any CPU.Build.0 = Release|Any CPU
		{F059972F-0561-4203-ABB8-3ABB41CCBE22}.Debug|Any CPU.ActiveCfg = Debug|Any CPU
		{F059972F-0561-4203-ABB8-3ABB41CCBE22}.Debug|Any CPU.Build.0 = Debug|Any CPU
		{F059972F-0561-4203-ABB8-3ABB41CCBE22}.Release|Any CPU.ActiveCfg = Release|Any CPU
		{F059972F-0561-4203-ABB8-3ABB41CCBE22}.Release|Any CPU.Build.0 = Release|Any CPU
	EndGlobalSection
	GlobalSection(SolutionProperties) = preSolution
		HideSolutionNode = FALSE
	EndGlobalSection
	GlobalSection(ExtensibilityGlobals) = postSolution
		SolutionGuid = {CB02D912-5E3B-4780-AE95-35B03B3AF6D0}
	EndGlobalSection
EndGlobal
